{"1.1.0",
[{<<"goldrush">>,{pkg,<<"goldrush">>,<<"0.1.9">>},1},
 {<<"lager">>,
  {git,"https://github.com/erlang-lager/lager.git",
       {ref,"c3970a99131c7c73de7eba3c2a569806fe47e40a"}},
  0},
 {<<"mysql">>,
  {git,"https://github.com/mysql-otp/mysql-otp.git",
       {ref,"5ad838fd1cfe11f0a7eb4e25d94f438c19c62630"}},
  1},
 {<<"mysql_poolboy">>,
  {git,"https://github.com/mysql-otp/mysql-otp-poolboy",
       {ref,"46f2325fe8e766a5446653c23a55d9e9537e0faf"}},
  0},
 {<<"poolboy">>,
  {git,"https://github.com/devinus/poolboy.git",
       {ref,"3bb48a893ff5598f7c73731ac17545206d259fac"}},
  1},
 {<<"ranch">>,
  {git,"https://github.com/ninenines/ranch",
       {ref,"55c2a9d623454f372a15e99721a37093d8773b48"}},
  0},
 {<<"sync">>,
  {git,"git://github.com/rustyio/sync.git",
       {ref,"6e9d730c8674ee3fa27dd8146316f94d2d180f59"}},
  0},
 {<<"tx">>,
  {git,"https://github.com/kvakvs/tx",
       {ref,"2478dc7a64ba533f912ffdbe1b8c471b9fc0298d"}},
  0}]}.
[
{pkg_hash,[
 {<<"goldrush">>, <<"F06E5D5F1277DA5C413E84D5A2924174182FB108DABB39D5EC548B27424CD106">>}]}
].
